
Microsoft Visual Studio Solution File, Format Version 12.00
# Visual Studio Version 16
VisualStudioVersion = 16.0.31205.134
MinimumVisualStudioVersion = 10.0.40219.1
Project("{9A19103F-16F7-4668-BE54-9A1E7A4F7556}") = "Health-Checks-API", "source\Health-Checks-API.csproj", "{2D4E26AE-F933-4EE8-A31B-DBA3D3D0C64D}"
EndProject
Project("{2150E333-8FDC-42A3-9474-1A3956D46DE8}") = "Items", "Items", "{0BEADE33-AFB4-45BB-ABBF-F35B49009ABC}"
	ProjectSection(SolutionItems) = preProject
		.gitignore = .gitignore
		README.md = README.md
	EndProjectSection
EndProject
Global
	GlobalSection(SolutionConfigurationPlatforms) = preSolution
		Debug|Any CPU = Debug|Any CPU
		Release|Any CPU = Release|Any CPU
	EndGlobalSection
	GlobalSection(ProjectConfigurationPlatforms) = postSolution
		{2D4E26AE-F933-4EE8-A31B-DBA3D3D0C64D}.Debug|Any CPU.ActiveCfg = Debug|Any CPU
		{2D4E26AE-F933-4EE8-A31B-DBA3D3D0C64D}.Debug|Any CPU.Build.0 = Debug|Any CPU
		{2D4E26AE-F933-4EE8-A31B-DBA3D3D0C64D}.Release|Any CPU.ActiveCfg = Release|Any CPU
		{2D4E26AE-F933-4EE8-A31B-DBA3D3D0C64D}.Release|Any CPU.Build.0 = Release|Any CPU
	EndGlobalSection
	GlobalSection(SolutionProperties) = preSolution
		HideSolutionNode = FALSE
	EndGlobalSection
	GlobalSection(ExtensibilityGlobals) = postSolution
		SolutionGuid = {BE3998E2-AB90-4511-B8D3-11554625DCB8}
	EndGlobalSection
EndGlobal
